
Microsoft Visual Studio Solution File, Format Version 12.00
# Visual Studio Version 17
VisualStudioVersion = 17.11.35327.3
MinimumVisualStudioVersion = 10.0.40219.1
Project("{9A19103F-16F7-4668-BE54-9A1E7A4F7556}") = "GigLNDWalletAPI", "GigLNDWalletAPI\GigLNDWalletAPI.csproj", "{12A09756-571F-459B-91B0-70116D35C925}"
EndProject
Project("{9A19103F-16F7-4668-BE54-9A1E7A4F7556}") = "GigLNDWalletAPIClient", "GigLNDWalletAPIClient\GigLNDWalletAPIClient.csproj", "{7D63B553-7C59-4831-9F05-9CB239CA95F1}"
EndProject
Project("{9A19103F-16F7-4668-BE54-9A1E7A4F7556}") = "LNDClient", "LNDClient\LNDClient.csproj", "{D8A17648-6164-4C21-BB32-54DB9BE17EF2}"
EndProject
Project("{9A19103F-16F7-4668-BE54-9A1E7A4F7556}") = "NetworkToolkit", "NetworkToolkit\NetworkToolkit.csproj", "{F63FEB3B-E151-466E-B3D7-160EF6A1C3D9}"
EndProject
Project("{9A19103F-16F7-4668-BE54-9A1E7A4F7556}") = "TraceEx", "Tracer\TraceEx.csproj", "{E182C2BF-5473-4712-8891-BCA9F52F04D6}"
EndProject
Project("{9A19103F-16F7-4668-BE54-9A1E7A4F7556}") = "LNDWallet", "LNDWallet\LNDWallet.csproj", "{19843B6A-D38A-41DA-AC4B-467C49DB13DE}"
EndProject
Global
	GlobalSection(SolutionConfigurationPlatforms) = preSolution
		Debug|Any CPU = Debug|Any CPU
		Release|Any CPU = Release|Any CPU
	EndGlobalSection
	GlobalSection(ProjectConfigurationPlatforms) = postSolution
		{12A09756-571F-459B-91B0-70116D35C925}.Debug|Any CPU.ActiveCfg = Debug|Any CPU
		{12A09756-571F-459B-91B0-70116D35C925}.Debug|Any CPU.Build.0 = Debug|Any CPU
		{12A09756-571F-459B-91B0-70116D35C925}.Release|Any CPU.ActiveCfg = Release|Any CPU
		{12A09756-571F-459B-91B0-70116D35C925}.Release|Any CPU.Build.0 = Release|Any CPU
		{7D63B553-7C59-4831-9F05-9CB239CA95F1}.Debug|Any CPU.ActiveCfg = Debug|Any CPU
		{7D63B553-7C59-4831-9F05-9CB239CA95F1}.Debug|Any CPU.Build.0 = Debug|Any CPU
		{7D63B553-7C59-4831-9F05-9CB239CA95F1}.Release|Any CPU.ActiveCfg = Release|Any CPU
		{7D63B553-7C59-4831-9F05-9CB239CA95F1}.Release|Any CPU.Build.0 = Release|Any CPU
		{D8A17648-6164-4C21-BB32-54DB9BE17EF2}.Debug|Any CPU.ActiveCfg = Debug|Any CPU
		{D8A17648-6164-4C21-BB32-54DB9BE17EF2}.Debug|Any CPU.Build.0 = Debug|Any CPU
		{D8A17648-6164-4C21-BB32-54DB9BE17EF2}.Release|Any CPU.ActiveCfg = Release|Any CPU
		{D8A17648-6164-4C21-BB32-54DB9BE17EF2}.Release|Any CPU.Build.0 = Release|Any CPU
		{F63FEB3B-E151-466E-B3D7-160EF6A1C3D9}.Debug|Any CPU.ActiveCfg = Debug|Any CPU
		{F63FEB3B-E151-466E-B3D7-160EF6A1C3D9}.Debug|Any CPU.Build.0 = Debug|Any CPU
		{F63FEB3B-E151-466E-B3D7-160EF6A1C3D9}.Release|Any CPU.ActiveCfg = Release|Any CPU
		{F63FEB3B-E151-466E-B3D7-160EF6A1C3D9}.Release|Any CPU.Build.0 = Release|Any CPU
		{E182C2BF-5473-4712-8891-BCA9F52F04D6}.Debug|Any CPU.ActiveCfg = Debug|Any CPU
		{E182C2BF-5473-4712-8891-BCA9F52F04D6}.Debug|Any CPU.Build.0 = Debug|Any CPU
		{E182C2BF-5473-4712-8891-BCA9F52F04D6}.Release|Any CPU.ActiveCfg = Release|Any CPU
		{E182C2BF-5473-4712-8891-BCA9F52F04D6}.Release|Any CPU.Build.0 = Release|Any CPU
		{19843B6A-D38A-41DA-AC4B-467C49DB13DE}.Debug|Any CPU.ActiveCfg = Debug|Any CPU
		{19843B6A-D38A-41DA-AC4B-467C49DB13DE}.Debug|Any CPU.Build.0 = Debug|Any CPU
		{19843B6A-D38A-41DA-AC4B-467C49DB13DE}.Release|Any CPU.ActiveCfg = Release|Any CPU
		{19843B6A-D38A-41DA-AC4B-467C49DB13DE}.Release|Any CPU.Build.0 = Release|Any CPU
	EndGlobalSection
	GlobalSection(SolutionProperties) = preSolution
		HideSolutionNode = FALSE
	EndGlobalSection
	GlobalSection(ExtensibilityGlobals) = postSolution
		SolutionGuid = {57CAC0C5-F329-4B9B-93A6-019D4C72B144}
	EndGlobalSection
EndGlobal
