
Microsoft Visual Studio Solution File, Format Version 12.00
# Visual Studio Version 17
VisualStudioVersion = 17.11.35327.3
MinimumVisualStudioVersion = 10.0.40219.1
Project("{9A19103F-16F7-4668-BE54-9A1E7A4F7556}") = "LNDClient", "LNDClient\LNDClient.csproj", "{D8A17648-6164-4C21-BB32-54DB9BE17EF2}"
EndProject
Project("{9A19103F-16F7-4668-BE54-9A1E7A4F7556}") = "TraceEx", "Tracer\TraceEx.csproj", "{E182C2BF-5473-4712-8891-BCA9F52F04D6}"
EndProject
Project("{9A19103F-16F7-4668-BE54-9A1E7A4F7556}") = "LNDWallet", "LNDWallet\LNDWallet.csproj", "{19843B6A-D38A-41DA-AC4B-467C49DB13DE}"
EndProject
Project("{9A19103F-16F7-4668-BE54-9A1E7A4F7556}") = "KeyPairGen", "KeyPairGen\KeyPairGen.csproj", "{A63F326F-A7CE-498E-94DE-A173ADE88E5F}"
EndProject
Project("{FAE04EC0-301F-11D3-BF4B-00C04F79EFBC}") = "WalletAPIClient", "WalletAPIClient\WalletAPIClient.csproj", "{184DB2AF-A52B-4819-88FE-03C586101FA3}"
EndProject
Project("{FAE04EC0-301F-11D3-BF4B-00C04F79EFBC}") = "WalletAPI", "WalletAPI\WalletAPI.csproj", "{964FB364-C7C3-4368-9A73-62D8FAADE06B}"
EndProject
Project("{FAE04EC0-301F-11D3-BF4B-00C04F79EFBC}") = "WalletCLI", "WalletCLI\WalletCLI.csproj", "{0731BA96-53DD-4665-8162-82239E396A93}"
EndProject
Project("{FAE04EC0-301F-11D3-BF4B-00C04F79EFBC}") = "Frames", "Frames\Frames.csproj", "{BED5DA9C-64FA-4428-B835-7BF4EEBA5278}"
EndProject
Global
	GlobalSection(SolutionConfigurationPlatforms) = preSolution
		Debug|Any CPU = Debug|Any CPU
		Release|Any CPU = Release|Any CPU
	EndGlobalSection
	GlobalSection(ProjectConfigurationPlatforms) = postSolution
		{D8A17648-6164-4C21-BB32-54DB9BE17EF2}.Debug|Any CPU.ActiveCfg = Debug|Any CPU
		{D8A17648-6164-4C21-BB32-54DB9BE17EF2}.Debug|Any CPU.Build.0 = Debug|Any CPU
		{D8A17648-6164-4C21-BB32-54DB9BE17EF2}.Release|Any CPU.ActiveCfg = Release|Any CPU
		{D8A17648-6164-4C21-BB32-54DB9BE17EF2}.Release|Any CPU.Build.0 = Release|Any CPU
		{E182C2BF-5473-4712-8891-BCA9F52F04D6}.Debug|Any CPU.ActiveCfg = Debug|Any CPU
		{E182C2BF-5473-4712-8891-BCA9F52F04D6}.Debug|Any CPU.Build.0 = Debug|Any CPU
		{E182C2BF-5473-4712-8891-BCA9F52F04D6}.Release|Any CPU.ActiveCfg = Release|Any CPU
		{E182C2BF-5473-4712-8891-BCA9F52F04D6}.Release|Any CPU.Build.0 = Release|Any CPU
		{19843B6A-D38A-41DA-AC4B-467C49DB13DE}.Debug|Any CPU.ActiveCfg = Debug|Any CPU
		{19843B6A-D38A-41DA-AC4B-467C49DB13DE}.Debug|Any CPU.Build.0 = Debug|Any CPU
		{19843B6A-D38A-41DA-AC4B-467C49DB13DE}.Release|Any CPU.ActiveCfg = Release|Any CPU
		{19843B6A-D38A-41DA-AC4B-467C49DB13DE}.Release|Any CPU.Build.0 = Release|Any CPU
		{A63F326F-A7CE-498E-94DE-A173ADE88E5F}.Debug|Any CPU.ActiveCfg = Debug|Any CPU
		{A63F326F-A7CE-498E-94DE-A173ADE88E5F}.Debug|Any CPU.Build.0 = Debug|Any CPU
		{A63F326F-A7CE-498E-94DE-A173ADE88E5F}.Release|Any CPU.ActiveCfg = Release|Any CPU
		{A63F326F-A7CE-498E-94DE-A173ADE88E5F}.Release|Any CPU.Build.0 = Release|Any CPU
		{184DB2AF-A52B-4819-88FE-03C586101FA3}.Debug|Any CPU.ActiveCfg = Debug|Any CPU
		{184DB2AF-A52B-4819-88FE-03C586101FA3}.Debug|Any CPU.Build.0 = Debug|Any CPU
		{184DB2AF-A52B-4819-88FE-03C586101FA3}.Release|Any CPU.ActiveCfg = Release|Any CPU
		{184DB2AF-A52B-4819-88FE-03C586101FA3}.Release|Any CPU.Build.0 = Release|Any CPU
		{964FB364-C7C3-4368-9A73-62D8FAADE06B}.Debug|Any CPU.ActiveCfg = Debug|Any CPU
		{964FB364-C7C3-4368-9A73-62D8FAADE06B}.Debug|Any CPU.Build.0 = Debug|Any CPU
		{964FB364-C7C3-4368-9A73-62D8FAADE06B}.Release|Any CPU.ActiveCfg = Release|Any CPU
		{964FB364-C7C3-4368-9A73-62D8FAADE06B}.Release|Any CPU.Build.0 = Release|Any CPU
		{0731BA96-53DD-4665-8162-82239E396A93}.Debug|Any CPU.ActiveCfg = Debug|Any CPU
		{0731BA96-53DD-4665-8162-82239E396A93}.Debug|Any CPU.Build.0 = Debug|Any CPU
		{0731BA96-53DD-4665-8162-82239E396A93}.Release|Any CPU.ActiveCfg = Release|Any CPU
		{0731BA96-53DD-4665-8162-82239E396A93}.Release|Any CPU.Build.0 = Release|Any CPU
		{BED5DA9C-64FA-4428-B835-7BF4EEBA5278}.Debug|Any CPU.ActiveCfg = Debug|Any CPU
		{BED5DA9C-64FA-4428-B835-7BF4EEBA5278}.Debug|Any CPU.Build.0 = Debug|Any CPU
		{BED5DA9C-64FA-4428-B835-7BF4EEBA5278}.Release|Any CPU.ActiveCfg = Release|Any CPU
		{BED5DA9C-64FA-4428-B835-7BF4EEBA5278}.Release|Any CPU.Build.0 = Release|Any CPU
	EndGlobalSection
	GlobalSection(SolutionProperties) = preSolution
		HideSolutionNode = FALSE
	EndGlobalSection
	GlobalSection(ExtensibilityGlobals) = postSolution
		SolutionGuid = {57CAC0C5-F329-4B9B-93A6-019D4C72B144}
	EndGlobalSection
EndGlobal
